{
    "name": "redis-test",
    "version": "1.0.0",
    "lockfileVersion": 1,
    "requires": true,
    "dependencies": {
        "@types/async-redis": {
            "version": "1.1.1",
            "resolved": "https://registry.npmjs.org/@types/async-redis/-/async-redis-1.1.1.tgz",
            "integrity": "sha512-NUS/27r3XP+3hXAzsV9dGnk6JXXIQErP5xHHlGVqnC+V0gBqAzQy9MojjcDWmhR9nhZ8xp3p6GvR4X3Yl5U7Kw==",
            "dev": true,
            "requires": {
                "@types/redis": "*"
            }
        },
        "@types/node": {
            "version": "14.14.12",
            "resolved": "https://registry.npmjs.org/@types/node/-/node-14.14.12.tgz",
            "integrity": "sha512-ASH8OPHMNlkdjrEdmoILmzFfsJICvhBsFfAum4aKZ/9U4B6M6tTmTPh+f3ttWdD74CEGV5XvXWkbyfSdXaTd7g==",
            "dev": true
        },
        "@types/node-gzip": {
            "version": "1.1.0",
            "resolved": "https://registry.npmjs.org/@types/node-gzip/-/node-gzip-1.1.0.tgz",
            "integrity": "sha512-j7cGb6HIOZbDx3sqe9/9VAPeSvyt143yu5k35gzRXE3mxEgK6BOZ6BAiJ3ToXBcJqLzL9Cr53dav21jlp3f9gw==",
            "dev": true,
            "requires": {
                "@types/node": "*"
            }
        },
        "@types/redis": {
            "version": "2.8.28",
            "resolved": "https://registry.npmjs.org/@types/redis/-/redis-2.8.28.tgz",
            "integrity": "sha512-8l2gr2OQ969ypa7hFOeKqtFoY70XkHxISV0pAwmQ2nm6CSPb1brmTmqJCGGrekCo+pAZyWlNXr+Kvo6L/1wijA==",
            "dev": true,
            "requires": {
                "@types/node": "*"
            }
        },
        "async-redis": {
            "version": "1.1.7",
            "resolved": "https://registry.npmjs.org/async-redis/-/async-redis-1.1.7.tgz",
            "integrity": "sha512-phpZe2/U+Ih4Lpy72KWF4+c8gymsUgzg6NV/TZUb8BLNn7soQewFxqcq9nndobfPmzXiuhMLi6GNBiQVIor/EA==",
            "requires": {
                "redis": "^2.8.0",
                "redis-commands": "^1.3.1"
            }
        },
        "double-ended-queue": {
            "version": "2.1.0-0",
            "resolved": "https://registry.npmjs.org/double-ended-queue/-/double-ended-queue-2.1.0-0.tgz",
            "integrity": "sha1-ED01J/0xUo9AGIEwyEHv3XgmTlw="
        },
        "node-gzip": {
            "version": "1.1.2",
            "resolved": "https://registry.npmjs.org/node-gzip/-/node-gzip-1.1.2.tgz",
            "integrity": "sha512-ZB6zWpfZHGtxZnPMrJSKHVPrRjURoUzaDbLFj3VO70mpLTW5np96vXyHwft4Id0o+PYIzgDkBUjIzaNHhQ8srw=="
        },
        "redis": {
            "version": "2.8.0",
            "resolved": "https://registry.npmjs.org/redis/-/redis-2.8.0.tgz",
            "integrity": "sha512-M1OkonEQwtRmZv4tEWF2VgpG0JWJ8Fv1PhlgT5+B+uNq2cA3Rt1Yt/ryoR+vQNOQcIEgdCdfH0jr3bDpihAw1A==",
            "requires": {
                "double-ended-queue": "^2.1.0-0",
                "redis-commands": "^1.2.0",
                "redis-parser": "^2.6.0"
            }
        },
        "redis-commands": {
            "version": "1.6.0",
            "resolved": "https://registry.npmjs.org/redis-commands/-/redis-commands-1.6.0.tgz",
            "integrity": "sha512-2jnZ0IkjZxvguITjFTrGiLyzQZcTvaw8DAaCXxZq/dsHXz7KfMQ3OUJy7Tz9vnRtZRVz6VRCPDvruvU8Ts44wQ=="
        },
        "redis-parser": {
            "version": "2.6.0",
            "resolved": "https://registry.npmjs.org/redis-parser/-/redis-parser-2.6.0.tgz",
            "integrity": "sha1-Uu0J2srBCPGmMcB+m2mUHnoZUEs="
        },
        "typescript": {
            "version": "4.1.3",
            "resolved": "https://registry.npmjs.org/typescript/-/typescript-4.1.3.tgz",
            "integrity": "sha512-B3ZIOf1IKeH2ixgHhj6la6xdwR9QrLC5d1VKeCSY4tvkqhF2eqd9O7txNlS0PO3GrBAFIdr3L1ndNwteUbZLYg=="
        }
    }
}
